// !$*UTF8*$!
{
	archiveVersion = 1;
	classes = {
	};
	objectVersion = 50;
	objects = {

/* Begin PBXBuildFile section */
		35223E1723CDE71900808F50 /* CategoryViewController.swift in Sources */ = {isa = PBXBuildFile; fileRef = 35223E1623CDE71900808F50 /* CategoryViewController.swift */; };
		35223E1923CDE75000808F50 /* CategoryViewModel.swift in Sources */ = {isa = PBXBuildFile; fileRef = 35223E1823CDE75000808F50 /* CategoryViewModel.swift */; };
		35223E2023CE22F500808F50 /* CategoryService.swift in Sources */ = {isa = PBXBuildFile; fileRef = 35223E1F23CE22F500808F50 /* CategoryService.swift */; };
		3523960523D0C0CE009DED42 /* CategoryTableViewCell.swift in Sources */ = {isa = PBXBuildFile; fileRef = 3523960423D0C0CE009DED42 /* CategoryTableViewCell.swift */; };
		3523960723D0C0EA009DED42 /* CategoryCellViewModel.swift in Sources */ = {isa = PBXBuildFile; fileRef = 3523960623D0C0EA009DED42 /* CategoryCellViewModel.swift */; };
		3523960923D0C897009DED42 /* EditCategoryViewController.swift in Sources */ = {isa = PBXBuildFile; fileRef = 3523960823D0C897009DED42 /* EditCategoryViewController.swift */; };
		3523960B23D0CA50009DED42 /* EditCategoryViewModel.swift in Sources */ = {isa = PBXBuildFile; fileRef = 3523960A23D0CA50009DED42 /* EditCategoryViewModel.swift */; };
		3523961223D34621009DED42 /* CategoryColorCollectionViewCell.swift in Sources */ = {isa = PBXBuildFile; fileRef = 3523961123D34621009DED42 /* CategoryColorCollectionViewCell.swift */; };
		3523961423D34694009DED42 /* CategoryColorCellViewModel.swift in Sources */ = {isa = PBXBuildFile; fileRef = 3523961323D34694009DED42 /* CategoryColorCellViewModel.swift */; };
		3523961723D34830009DED42 /* UIColor+TaskManager.swift in Sources */ = {isa = PBXBuildFile; fileRef = 3523961623D34830009DED42 /* UIColor+TaskManager.swift */; };
		3523961923D34A4A009DED42 /* ReuseIdentifying.swift in Sources */ = {isa = PBXBuildFile; fileRef = 3523961823D34A4A009DED42 /* ReuseIdentifying.swift */; };
		3523962823D357A1009DED42 /* DBCategory+CoreDataProperties.swift in Sources */ = {isa = PBXBuildFile; fileRef = 3523962623D357A1009DED42 /* DBCategory+CoreDataProperties.swift */; };
		3523962923D357A1009DED42 /* DBTask+CoreDataProperties.swift in Sources */ = {isa = PBXBuildFile; fileRef = 3523962723D357A1009DED42 /* DBTask+CoreDataProperties.swift */; };
		3523963123D3603E009DED42 /* TaskService.swift in Sources */ = {isa = PBXBuildFile; fileRef = 3523963023D3603E009DED42 /* TaskService.swift */; };
		3523963323D36471009DED42 /* TasksViewController.swift in Sources */ = {isa = PBXBuildFile; fileRef = 3523963223D36471009DED42 /* TasksViewController.swift */; };
		3523963623D364C2009DED42 /* TaskTableViewCell.swift in Sources */ = {isa = PBXBuildFile; fileRef = 3523963523D364C2009DED42 /* TaskTableViewCell.swift */; };
		3523963823D364F6009DED42 /* TaskCellViewModel.swift in Sources */ = {isa = PBXBuildFile; fileRef = 3523963723D364F6009DED42 /* TaskCellViewModel.swift */; };
		3523963A23D369AA009DED42 /* TasksViewModel.swift in Sources */ = {isa = PBXBuildFile; fileRef = 3523963923D369AA009DED42 /* TasksViewModel.swift */; };
		3523963C23D37711009DED42 /* EditTaskViewModel.swift in Sources */ = {isa = PBXBuildFile; fileRef = 3523963B23D37711009DED42 /* EditTaskViewModel.swift */; };
		3523963E23D37CB2009DED42 /* EditTaskViewController.swift in Sources */ = {isa = PBXBuildFile; fileRef = 3523963D23D37CB2009DED42 /* EditTaskViewController.swift */; };
		356E773623AFCCEE00222A29 /* AppDelegate.swift in Sources */ = {isa = PBXBuildFile; fileRef = 356E773523AFCCEE00222A29 /* AppDelegate.swift */; };
		356E773823AFCCEE00222A29 /* SceneDelegate.swift in Sources */ = {isa = PBXBuildFile; fileRef = 356E773723AFCCEE00222A29 /* SceneDelegate.swift */; };
		356E773A23AFCCEE00222A29 /* ViewController.swift in Sources */ = {isa = PBXBuildFile; fileRef = 356E773923AFCCEE00222A29 /* ViewController.swift */; };
		356E774023AFCCEE00222A29 /* TaskManager.xcdatamodeld in Sources */ = {isa = PBXBuildFile; fileRef = 356E773E23AFCCEE00222A29 /* TaskManager.xcdatamodeld */; };
		356E774223AFCCEE00222A29 /* Assets.xcassets in Resources */ = {isa = PBXBuildFile; fileRef = 356E774123AFCCEE00222A29 /* Assets.xcassets */; };
		356E774523AFCCEE00222A29 /* LaunchScreen.storyboard in Resources */ = {isa = PBXBuildFile; fileRef = 356E774323AFCCEE00222A29 /* LaunchScreen.storyboard */; };
		356E774D23AFD8AF00222A29 /* CoreDataManager.swift in Sources */ = {isa = PBXBuildFile; fileRef = 356E774C23AFD8AF00222A29 /* CoreDataManager.swift */; };
		356E775B23AFDD8800222A29 /* DBTask+CoreDataClass.swift in Sources */ = {isa = PBXBuildFile; fileRef = 356E775723AFDD8800222A29 /* DBTask+CoreDataClass.swift */; };
		356E775D23AFDD8800222A29 /* DBCategory+CoreDataClass.swift in Sources */ = {isa = PBXBuildFile; fileRef = 356E775923AFDD8800222A29 /* DBCategory+CoreDataClass.swift */; };
		AAB599A34DA269AE6E4E5284 /* Pods_TaskManager.framework in Frameworks */ = {isa = PBXBuildFile; fileRef = 899F65A3CE138FD43856EDE4 /* Pods_TaskManager.framework */; };
/* End PBXBuildFile section */

/* Begin PBXFileReference section */
		27C8CE2B8F798107EED58C93 /* Pods-TaskManager.debug.xcconfig */ = {isa = PBXFileReference; includeInIndex = 1; lastKnownFileType = text.xcconfig; name = "Pods-TaskManager.debug.xcconfig"; path = "Target Support Files/Pods-TaskManager/Pods-TaskManager.debug.xcconfig"; sourceTree = "<group>"; };
		35223E1623CDE71900808F50 /* CategoryViewController.swift */ = {isa = PBXFileReference; lastKnownFileType = sourcecode.swift; path = CategoryViewController.swift; sourceTree = "<group>"; };
		35223E1823CDE75000808F50 /* CategoryViewModel.swift */ = {isa = PBXFileReference; lastKnownFileType = sourcecode.swift; path = CategoryViewModel.swift; sourceTree = "<group>"; };
		35223E1F23CE22F500808F50 /* CategoryService.swift */ = {isa = PBXFileReference; lastKnownFileType = sourcecode.swift; path = CategoryService.swift; sourceTree = "<group>"; };
		3523960423D0C0CE009DED42 /* CategoryTableViewCell.swift */ = {isa = PBXFileReference; lastKnownFileType = sourcecode.swift; path = CategoryTableViewCell.swift; sourceTree = "<group>"; };
		3523960623D0C0EA009DED42 /* CategoryCellViewModel.swift */ = {isa = PBXFileReference; lastKnownFileType = sourcecode.swift; path = CategoryCellViewModel.swift; sourceTree = "<group>"; };
		3523960823D0C897009DED42 /* EditCategoryViewController.swift */ = {isa = PBXFileReference; lastKnownFileType = sourcecode.swift; path = EditCategoryViewController.swift; sourceTree = "<group>"; };
		3523960A23D0CA50009DED42 /* EditCategoryViewModel.swift */ = {isa = PBXFileReference; lastKnownFileType = sourcecode.swift; path = EditCategoryViewModel.swift; sourceTree = "<group>"; };
		3523961123D34621009DED42 /* CategoryColorCollectionViewCell.swift */ = {isa = PBXFileReference; lastKnownFileType = sourcecode.swift; path = CategoryColorCollectionViewCell.swift; sourceTree = "<group>"; };
		3523961323D34694009DED42 /* CategoryColorCellViewModel.swift */ = {isa = PBXFileReference; lastKnownFileType = sourcecode.swift; path = CategoryColorCellViewModel.swift; sourceTree = "<group>"; };
		3523961623D34830009DED42 /* UIColor+TaskManager.swift */ = {isa = PBXFileReference; lastKnownFileType = sourcecode.swift; path = "UIColor+TaskManager.swift"; sourceTree = "<group>"; };
		3523961823D34A4A009DED42 /* ReuseIdentifying.swift */ = {isa = PBXFileReference; lastKnownFileType = sourcecode.swift; path = ReuseIdentifying.swift; sourceTree = "<group>"; };
		3523962623D357A1009DED42 /* DBCategory+CoreDataProperties.swift */ = {isa = PBXFileReference; lastKnownFileType = sourcecode.swift; path = "DBCategory+CoreDataProperties.swift"; sourceTree = "<group>"; };
		3523962723D357A1009DED42 /* DBTask+CoreDataProperties.swift */ = {isa = PBXFileReference; lastKnownFileType = sourcecode.swift; path = "DBTask+CoreDataProperties.swift"; sourceTree = "<group>"; };
		3523963023D3603E009DED42 /* TaskService.swift */ = {isa = PBXFileReference; lastKnownFileType = sourcecode.swift; path = TaskService.swift; sourceTree = "<group>"; };
		3523963223D36471009DED42 /* TasksViewController.swift */ = {isa = PBXFileReference; lastKnownFileType = sourcecode.swift; path = TasksViewController.swift; sourceTree = "<group>"; };
		3523963523D364C2009DED42 /* TaskTableViewCell.swift */ = {isa = PBXFileReference; lastKnownFileType = sourcecode.swift; path = TaskTableViewCell.swift; sourceTree = "<group>"; };
		3523963723D364F6009DED42 /* TaskCellViewModel.swift */ = {isa = PBXFileReference; lastKnownFileType = sourcecode.swift; path = TaskCellViewModel.swift; sourceTree = "<group>"; };
		3523963923D369AA009DED42 /* TasksViewModel.swift */ = {isa = PBXFileReference; lastKnownFileType = sourcecode.swift; path = TasksViewModel.swift; sourceTree = "<group>"; };
		3523963B23D37711009DED42 /* EditTaskViewModel.swift */ = {isa = PBXFileReference; lastKnownFileType = sourcecode.swift; path = EditTaskViewModel.swift; sourceTree = "<group>"; };
		3523963D23D37CB2009DED42 /* EditTaskViewController.swift */ = {isa = PBXFileReference; lastKnownFileType = sourcecode.swift; path = EditTaskViewController.swift; sourceTree = "<group>"; };
		356E773223AFCCEE00222A29 /* TaskManager.app */ = {isa = PBXFileReference; explicitFileType = wrapper.application; includeInIndex = 0; path = TaskManager.app; sourceTree = BUILT_PRODUCTS_DIR; };
		356E773523AFCCEE00222A29 /* AppDelegate.swift */ = {isa = PBXFileReference; lastKnownFileType = sourcecode.swift; path = AppDelegate.swift; sourceTree = "<group>"; };
		356E773723AFCCEE00222A29 /* SceneDelegate.swift */ = {isa = PBXFileReference; lastKnownFileType = sourcecode.swift; path = SceneDelegate.swift; sourceTree = "<group>"; };
		356E773923AFCCEE00222A29 /* ViewController.swift */ = {isa = PBXFileReference; lastKnownFileType = sourcecode.swift; path = ViewController.swift; sourceTree = "<group>"; };
		356E773F23AFCCEE00222A29 /* TaskManager.xcdatamodel */ = {isa = PBXFileReference; lastKnownFileType = wrapper.xcdatamodel; path = TaskManager.xcdatamodel; sourceTree = "<group>"; };
		356E774123AFCCEE00222A29 /* Assets.xcassets */ = {isa = PBXFileReference; lastKnownFileType = folder.assetcatalog; path = Assets.xcassets; sourceTree = "<group>"; };
		356E774423AFCCEE00222A29 /* Base */ = {isa = PBXFileReference; lastKnownFileType = file.storyboard; name = Base; path = Base.lproj/LaunchScreen.storyboard; sourceTree = "<group>"; };
		356E774623AFCCEE00222A29 /* Info.plist */ = {isa = PBXFileReference; lastKnownFileType = text.plist.xml; path = Info.plist; sourceTree = "<group>"; };
		356E774C23AFD8AF00222A29 /* CoreDataManager.swift */ = {isa = PBXFileReference; lastKnownFileType = sourcecode.swift; path = CoreDataManager.swift; sourceTree = "<group>"; };
		356E775723AFDD8800222A29 /* DBTask+CoreDataClass.swift */ = {isa = PBXFileReference; lastKnownFileType = sourcecode.swift; path = "DBTask+CoreDataClass.swift"; sourceTree = "<group>"; };
		356E775923AFDD8800222A29 /* DBCategory+CoreDataClass.swift */ = {isa = PBXFileReference; lastKnownFileType = sourcecode.swift; path = "DBCategory+CoreDataClass.swift"; sourceTree = "<group>"; };
		899F65A3CE138FD43856EDE4 /* Pods_TaskManager.framework */ = {isa = PBXFileReference; explicitFileType = wrapper.framework; includeInIndex = 0; path = Pods_TaskManager.framework; sourceTree = BUILT_PRODUCTS_DIR; };
		EA7EC99BBC4F4486A2A52285 /* Pods-TaskManager.release.xcconfig */ = {isa = PBXFileReference; includeInIndex = 1; lastKnownFileType = text.xcconfig; name = "Pods-TaskManager.release.xcconfig"; path = "Target Support Files/Pods-TaskManager/Pods-TaskManager.release.xcconfig"; sourceTree = "<group>"; };
/* End PBXFileReference section */

/* Begin PBXFrameworksBuildPhase section */
		356E772F23AFCCEE00222A29 /* Frameworks */ = {
			isa = PBXFrameworksBuildPhase;
			buildActionMask = 2147483647;
			files = (
				AAB599A34DA269AE6E4E5284 /* Pods_TaskManager.framework in Frameworks */,
			);
			runOnlyForDeploymentPostprocessing = 0;
		};
/* End PBXFrameworksBuildPhase section */

/* Begin PBXGroup section */
		0097F0EB1F14CC264021B20D /* Pods */ = {
			isa = PBXGroup;
			children = (
				27C8CE2B8F798107EED58C93 /* Pods-TaskManager.debug.xcconfig */,
				EA7EC99BBC4F4486A2A52285 /* Pods-TaskManager.release.xcconfig */,
			);
			name = Pods;
			path = Pods;
			sourceTree = "<group>";
		};
		35223E1D23CE22C300808F50 /* Data */ = {
			isa = PBXGroup;
			children = (
				35223E1F23CE22F500808F50 /* CategoryService.swift */,
				3523963023D3603E009DED42 /* TaskService.swift */,
			);
			path = Data;
			sourceTree = "<group>";
		};
		35223E2123CE3C1500808F50 /* Categories */ = {
			isa = PBXGroup;
			children = (
				3523962B23D35C59009DED42 /* Edit */,
				3523962A23D35C4F009DED42 /* List */,
			);
			path = Categories;
			sourceTree = "<group>";
		};
		3523960323D0C0A3009DED42 /* TableCell */ = {
			isa = PBXGroup;
			children = (
				3523960423D0C0CE009DED42 /* CategoryTableViewCell.swift */,
				3523960623D0C0EA009DED42 /* CategoryCellViewModel.swift */,
			);
			path = TableCell;
			sourceTree = "<group>";
		};
		3523961023D34600009DED42 /* CollectionCell */ = {
			isa = PBXGroup;
			children = (
				3523961123D34621009DED42 /* CategoryColorCollectionViewCell.swift */,
				3523961323D34694009DED42 /* CategoryColorCellViewModel.swift */,
			);
			path = CollectionCell;
			sourceTree = "<group>";
		};
		3523961523D34820009DED42 /* Helpers */ = {
			isa = PBXGroup;
			children = (
				3523961623D34830009DED42 /* UIColor+TaskManager.swift */,
				3523961823D34A4A009DED42 /* ReuseIdentifying.swift */,
			);
			path = Helpers;
			sourceTree = "<group>";
		};
		3523962A23D35C4F009DED42 /* List */ = {
			isa = PBXGroup;
			children = (
				3523960323D0C0A3009DED42 /* TableCell */,
				35223E1823CDE75000808F50 /* CategoryViewModel.swift */,
				35223E1623CDE71900808F50 /* CategoryViewController.swift */,
			);
			path = List;
			sourceTree = "<group>";
		};
		3523962B23D35C59009DED42 /* Edit */ = {
			isa = PBXGroup;
			children = (
				3523961023D34600009DED42 /* CollectionCell */,
				3523960823D0C897009DED42 /* EditCategoryViewController.swift */,
				3523960A23D0CA50009DED42 /* EditCategoryViewModel.swift */,
			);
			path = Edit;
			sourceTree = "<group>";
		};
		3523962C23D35CF6009DED42 /* Props */ = {
			isa = PBXGroup;
			children = (
				3523962623D357A1009DED42 /* DBCategory+CoreDataProperties.swift */,
				3523962723D357A1009DED42 /* DBTask+CoreDataProperties.swift */,
			);
			path = Props;
			sourceTree = "<group>";
		};
		3523962D23D35D2D009DED42 /* Tasks */ = {
			isa = PBXGroup;
			children = (
				3523962F23D35D38009DED42 /* Edit */,
				3523962E23D35D35009DED42 /* List */,
			);
			path = Tasks;
			sourceTree = "<group>";
		};
		3523962E23D35D35009DED42 /* List */ = {
			isa = PBXGroup;
			children = (
				3523963423D36495009DED42 /* TableCell */,
				3523963223D36471009DED42 /* TasksViewController.swift */,
				3523963923D369AA009DED42 /* TasksViewModel.swift */,
			);
			path = List;
			sourceTree = "<group>";
		};
		3523962F23D35D38009DED42 /* Edit */ = {
			isa = PBXGroup;
			children = (
				3523963B23D37711009DED42 /* EditTaskViewModel.swift */,
				3523963D23D37CB2009DED42 /* EditTaskViewController.swift */,
			);
			path = Edit;
			sourceTree = "<group>";
		};
		3523963423D36495009DED42 /* TableCell */ = {
			isa = PBXGroup;
			children = (
				3523963523D364C2009DED42 /* TaskTableViewCell.swift */,
				3523963723D364F6009DED42 /* TaskCellViewModel.swift */,
			);
			path = TableCell;
			sourceTree = "<group>";
		};
		356E772923AFCCEE00222A29 = {
			isa = PBXGroup;
			children = (
				356E773423AFCCEE00222A29 /* TaskManager */,
				356E773323AFCCEE00222A29 /* Products */,
				0097F0EB1F14CC264021B20D /* Pods */,
				E91579819146F1F9494EC1F4 /* Frameworks */,
			);
			sourceTree = "<group>";
		};
		356E773323AFCCEE00222A29 /* Products */ = {
			isa = PBXGroup;
			children = (
				356E773223AFCCEE00222A29 /* TaskManager.app */,
			);
			name = Products;
			sourceTree = "<group>";
		};
		356E773423AFCCEE00222A29 /* TaskManager */ = {
			isa = PBXGroup;
			children = (
				3523962D23D35D2D009DED42 /* Tasks */,
				3523961523D34820009DED42 /* Helpers */,
				35223E2123CE3C1500808F50 /* Categories */,
				35223E1D23CE22C300808F50 /* Data */,
				356E776023AFE42900222A29 /* Database */,
				356E775623AFDAC600222A29 /* Model */,
				356E773523AFCCEE00222A29 /* AppDelegate.swift */,
				356E773723AFCCEE00222A29 /* SceneDelegate.swift */,
				356E773923AFCCEE00222A29 /* ViewController.swift */,
				356E774123AFCCEE00222A29 /* Assets.xcassets */,
				356E774323AFCCEE00222A29 /* LaunchScreen.storyboard */,
				356E774623AFCCEE00222A29 /* Info.plist */,
			);
			path = TaskManager;
			sourceTree = "<group>";
		};
		356E775623AFDAC600222A29 /* Model */ = {
			isa = PBXGroup;
			children = (
				3523962C23D35CF6009DED42 /* Props */,
				356E775723AFDD8800222A29 /* DBTask+CoreDataClass.swift */,
				356E775923AFDD8800222A29 /* DBCategory+CoreDataClass.swift */,
			);
			path = Model;
			sourceTree = "<group>";
		};
		356E776023AFE42900222A29 /* Database */ = {
			isa = PBXGroup;
			children = (
				356E773E23AFCCEE00222A29 /* TaskManager.xcdatamodeld */,
				356E774C23AFD8AF00222A29 /* CoreDataManager.swift */,
			);
			path = Database;
			sourceTree = "<group>";
		};
		E91579819146F1F9494EC1F4 /* Frameworks */ = {
			isa = PBXGroup;
			children = (
				899F65A3CE138FD43856EDE4 /* Pods_TaskManager.framework */,
			);
			name = Frameworks;
			sourceTree = "<group>";
		};
/* End PBXGroup section */

/* Begin PBXNativeTarget section */
		356E773123AFCCEE00222A29 /* TaskManager */ = {
			isa = PBXNativeTarget;
			buildConfigurationList = 356E774923AFCCEE00222A29 /* Build configuration list for PBXNativeTarget "TaskManager" */;
			buildPhases = (
				3CF5B66CD2173BB691349FE7 /* [CP] Check Pods Manifest.lock */,
				356E772E23AFCCEE00222A29 /* Sources */,
				356E772F23AFCCEE00222A29 /* Frameworks */,
				356E773023AFCCEE00222A29 /* Resources */,
				356E775F23AFE36500222A29 /* Swiftlint */,
				2698E61543385BE3AE214870 /* [CP] Embed Pods Frameworks */,
			);
			buildRules = (
			);
			dependencies = (
			);
			name = TaskManager;
			productName = TaskManager;
			productReference = 356E773223AFCCEE00222A29 /* TaskManager.app */;
			productType = "com.apple.product-type.application";
		};
/* End PBXNativeTarget section */

/* Begin PBXProject section */
		356E772A23AFCCEE00222A29 /* Project object */ = {
			isa = PBXProject;
			attributes = {
				LastSwiftUpdateCheck = 1120;
				LastUpgradeCheck = 1120;
				ORGANIZATIONNAME = AJTY;
				TargetAttributes = {
					356E773123AFCCEE00222A29 = {
						CreatedOnToolsVersion = 11.2.1;
					};
				};
			};
			buildConfigurationList = 356E772D23AFCCEE00222A29 /* Build configuration list for PBXProject "TaskManager" */;
			compatibilityVersion = "Xcode 9.3";
			developmentRegion = en;
			hasScannedForEncodings = 0;
			knownRegions = (
				en,
				Base,
			);
			mainGroup = 356E772923AFCCEE00222A29;
			productRefGroup = 356E773323AFCCEE00222A29 /* Products */;
			projectDirPath = "";
			projectRoot = "";
			targets = (
				356E773123AFCCEE00222A29 /* TaskManager */,
			);
		};
/* End PBXProject section */

/* Begin PBXResourcesBuildPhase section */
		356E773023AFCCEE00222A29 /* Resources */ = {
			isa = PBXResourcesBuildPhase;
			buildActionMask = 2147483647;
			files = (
				356E774523AFCCEE00222A29 /* LaunchScreen.storyboard in Resources */,
				356E774223AFCCEE00222A29 /* Assets.xcassets in Resources */,
			);
			runOnlyForDeploymentPostprocessing = 0;
		};
/* End PBXResourcesBuildPhase section */

/* Begin PBXShellScriptBuildPhase section */
		2698E61543385BE3AE214870 /* [CP] Embed Pods Frameworks */ = {
			isa = PBXShellScriptBuildPhase;
			buildActionMask = 2147483647;
			files = (
			);
			inputFileListPaths = (
				"${PODS_ROOT}/Target Support Files/Pods-TaskManager/Pods-TaskManager-frameworks-${CONFIGURATION}-input-files.xcfilelist",
			);
			name = "[CP] Embed Pods Frameworks";
			outputFileListPaths = (
				"${PODS_ROOT}/Target Support Files/Pods-TaskManager/Pods-TaskManager-frameworks-${CONFIGURATION}-output-files.xcfilelist",
			);
			runOnlyForDeploymentPostprocessing = 0;
			shellPath = /bin/sh;
			shellScript = "\"${PODS_ROOT}/Target Support Files/Pods-TaskManager/Pods-TaskManager-frameworks.sh\"\n";
			showEnvVarsInLog = 0;
		};
		356E775F23AFE36500222A29 /* Swiftlint */ = {
			isa = PBXShellScriptBuildPhase;
			buildActionMask = 2147483647;
			files = (
			);
			inputFileListPaths = (
			);
			inputPaths = (
			);
			name = Swiftlint;
			outputFileListPaths = (
			);
			outputPaths = (
			);
			runOnlyForDeploymentPostprocessing = 0;
			shellPath = /bin/sh;
			shellScript = "# Type a script or drag a script file from your workspace to insert its path.\nif which swiftlint >/dev/null; then\n  swiftlint\nelse\n  echo \"warning: SwiftLint not installed, download from https://github.com/realm/SwiftLint\"\nfi\n";
		};
		3CF5B66CD2173BB691349FE7 /* [CP] Check Pods Manifest.lock */ = {
			isa = PBXShellScriptBuildPhase;
			buildActionMask = 2147483647;
			files = (
			);
			inputFileListPaths = (
			);
			inputPaths = (
				"${PODS_PODFILE_DIR_PATH}/Podfile.lock",
				"${PODS_ROOT}/Manifest.lock",
			);
			name = "[CP] Check Pods Manifest.lock";
			outputFileListPaths = (
			);
			outputPaths = (
				"$(DERIVED_FILE_DIR)/Pods-TaskManager-checkManifestLockResult.txt",
			);
			runOnlyForDeploymentPostprocessing = 0;
			shellPath = /bin/sh;
			shellScript = "diff \"${PODS_PODFILE_DIR_PATH}/Podfile.lock\" \"${PODS_ROOT}/Manifest.lock\" > /dev/null\nif [ $? != 0 ] ; then\n    # print error to STDERR\n    echo \"error: The sandbox is not in sync with the Podfile.lock. Run 'pod install' or update your CocoaPods installation.\" >&2\n    exit 1\nfi\n# This output is used by Xcode 'outputs' to avoid re-running this script phase.\necho \"SUCCESS\" > \"${SCRIPT_OUTPUT_FILE_0}\"\n";
			showEnvVarsInLog = 0;
		};
/* End PBXShellScriptBuildPhase section */

/* Begin PBXSourcesBuildPhase section */
		356E772E23AFCCEE00222A29 /* Sources */ = {
			isa = PBXSourcesBuildPhase;
			buildActionMask = 2147483647;
			files = (
				3523961723D34830009DED42 /* UIColor+TaskManager.swift in Sources */,
				3523961423D34694009DED42 /* CategoryColorCellViewModel.swift in Sources */,
				3523962923D357A1009DED42 /* DBTask+CoreDataProperties.swift in Sources */,
				3523960923D0C897009DED42 /* EditCategoryViewController.swift in Sources */,
				356E773A23AFCCEE00222A29 /* ViewController.swift in Sources */,
				3523963C23D37711009DED42 /* EditTaskViewModel.swift in Sources */,
				356E775D23AFDD8800222A29 /* DBCategory+CoreDataClass.swift in Sources */,
				356E773623AFCCEE00222A29 /* AppDelegate.swift in Sources */,
				35223E2023CE22F500808F50 /* CategoryService.swift in Sources */,
				3523960723D0C0EA009DED42 /* CategoryCellViewModel.swift in Sources */,
				3523963823D364F6009DED42 /* TaskCellViewModel.swift in Sources */,
				3523960B23D0CA50009DED42 /* EditCategoryViewModel.swift in Sources */,
				35223E1923CDE75000808F50 /* CategoryViewModel.swift in Sources */,
				356E774023AFCCEE00222A29 /* TaskManager.xcdatamodeld in Sources */,
				356E774D23AFD8AF00222A29 /* CoreDataManager.swift in Sources */,
				3523963623D364C2009DED42 /* TaskTableViewCell.swift in Sources */,
				3523963323D36471009DED42 /* TasksViewController.swift in Sources */,
				35223E1723CDE71900808F50 /* CategoryViewController.swift in Sources */,
				3523961923D34A4A009DED42 /* ReuseIdentifying.swift in Sources */,
				3523963E23D37CB2009DED42 /* EditTaskViewController.swift in Sources */,
				3523962823D357A1009DED42 /* DBCategory+CoreDataProperties.swift in Sources */,
				3523963A23D369AA009DED42 /* TasksViewModel.swift in Sources */,
				356E775B23AFDD8800222A29 /* DBTask+CoreDataClass.swift in Sources */,
				3523963123D3603E009DED42 /* TaskService.swift in Sources */,
				3523961223D34621009DED42 /* CategoryColorCollectionViewCell.swift in Sources */,
				3523960523D0C0CE009DED42 /* CategoryTableViewCell.swift in Sources */,
				356E773823AFCCEE00222A29 /* SceneDelegate.swift in Sources */,
			);
			runOnlyForDeploymentPostprocessing = 0;
		};
/* End PBXSourcesBuildPhase section */

/* Begin PBXVariantGroup section */
		356E774323AFCCEE00222A29 /* LaunchScreen.storyboard */ = {
			isa = PBXVariantGroup;
			children = (
				356E774423AFCCEE00222A29 /* Base */,
			);
			name = LaunchScreen.storyboard;
			sourceTree = "<group>";
		};
/* End PBXVariantGroup section */

/* Begin XCBuildConfiguration section */
		356E774723AFCCEE00222A29 /* Debug */ = {
			isa = XCBuildConfiguration;
			buildSettings = {
				ALWAYS_SEARCH_USER_PATHS = NO;
				CLANG_ANALYZER_NONNULL = YES;
				CLANG_ANALYZER_NUMBER_OBJECT_CONVERSION = YES_AGGRESSIVE;
				CLANG_CXX_LANGUAGE_STANDARD = "gnu++14";
				CLANG_CXX_LIBRARY = "libc++";
				CLANG_ENABLE_MODULES = YES;
				CLANG_ENABLE_OBJC_ARC = YES;
				CLANG_ENABLE_OBJC_WEAK = YES;
				CLANG_WARN_BLOCK_CAPTURE_AUTORELEASING = YES;
				CLANG_WARN_BOOL_CONVERSION = YES;
				CLANG_WARN_COMMA = YES;
				CLANG_WARN_CONSTANT_CONVERSION = YES;
				CLANG_WARN_DEPRECATED_OBJC_IMPLEMENTATIONS = YES;
				CLANG_WARN_DIRECT_OBJC_ISA_USAGE = YES_ERROR;
				CLANG_WARN_DOCUMENTATION_COMMENTS = YES;
				CLANG_WARN_EMPTY_BODY = YES;
				CLANG_WARN_ENUM_CONVERSION = YES;
				CLANG_WARN_INFINITE_RECURSION = YES;
				CLANG_WARN_INT_CONVERSION = YES;
				CLANG_WARN_NON_LITERAL_NULL_CONVERSION = YES;
				CLANG_WARN_OBJC_IMPLICIT_RETAIN_SELF = YES;
				CLANG_WARN_OBJC_LITERAL_CONVERSION = YES;
				CLANG_WARN_OBJC_ROOT_CLASS = YES_ERROR;
				CLANG_WARN_RANGE_LOOP_ANALYSIS = YES;
				CLANG_WARN_STRICT_PROTOTYPES = YES;
				CLANG_WARN_SUSPICIOUS_MOVE = YES;
				CLANG_WARN_UNGUARDED_AVAILABILITY = YES_AGGRESSIVE;
				CLANG_WARN_UNREACHABLE_CODE = YES;
				CLANG_WARN__DUPLICATE_METHOD_MATCH = YES;
				COPY_PHASE_STRIP = NO;
				DEBUG_INFORMATION_FORMAT = dwarf;
				ENABLE_STRICT_OBJC_MSGSEND = YES;
				ENABLE_TESTABILITY = YES;
				GCC_C_LANGUAGE_STANDARD = gnu11;
				GCC_DYNAMIC_NO_PIC = NO;
				GCC_NO_COMMON_BLOCKS = YES;
				GCC_OPTIMIZATION_LEVEL = 0;
				GCC_PREPROCESSOR_DEFINITIONS = (
					"DEBUG=1",
					"$(inherited)",
				);
				GCC_WARN_64_TO_32_BIT_CONVERSION = YES;
				GCC_WARN_ABOUT_RETURN_TYPE = YES_ERROR;
				GCC_WARN_UNDECLARED_SELECTOR = YES;
				GCC_WARN_UNINITIALIZED_AUTOS = YES_AGGRESSIVE;
				GCC_WARN_UNUSED_FUNCTION = YES;
				GCC_WARN_UNUSED_VARIABLE = YES;
				IPHONEOS_DEPLOYMENT_TARGET = 13.2;
				MTL_ENABLE_DEBUG_INFO = INCLUDE_SOURCE;
				MTL_FAST_MATH = YES;
				ONLY_ACTIVE_ARCH = YES;
				SDKROOT = iphoneos;
				SWIFT_ACTIVE_COMPILATION_CONDITIONS = DEBUG;
				SWIFT_OPTIMIZATION_LEVEL = "-Onone";
			};
			name = Debug;
		};
		356E774823AFCCEE00222A29 /* Release */ = {
			isa = XCBuildConfiguration;
			buildSettings = {
				ALWAYS_SEARCH_USER_PATHS = NO;
				CLANG_ANALYZER_NONNULL = YES;
				CLANG_ANALYZER_NUMBER_OBJECT_CONVERSION = YES_AGGRESSIVE;
				CLANG_CXX_LANGUAGE_STANDARD = "gnu++14";
				CLANG_CXX_LIBRARY = "libc++";
				CLANG_ENABLE_MODULES = YES;
				CLANG_ENABLE_OBJC_ARC = YES;
				CLANG_ENABLE_OBJC_WEAK = YES;
				CLANG_WARN_BLOCK_CAPTURE_AUTORELEASING = YES;
				CLANG_WARN_BOOL_CONVERSION = YES;
				CLANG_WARN_COMMA = YES;
				CLANG_WARN_CONSTANT_CONVERSION = YES;
				CLANG_WARN_DEPRECATED_OBJC_IMPLEMENTATIONS = YES;
				CLANG_WARN_DIRECT_OBJC_ISA_USAGE = YES_ERROR;
				CLANG_WARN_DOCUMENTATION_COMMENTS = YES;
				CLANG_WARN_EMPTY_BODY = YES;
				CLANG_WARN_ENUM_CONVERSION = YES;
				CLANG_WARN_INFINITE_RECURSION = YES;
				CLANG_WARN_INT_CONVERSION = YES;
				CLANG_WARN_NON_LITERAL_NULL_CONVERSION = YES;
				CLANG_WARN_OBJC_IMPLICIT_RETAIN_SELF = YES;
				CLANG_WARN_OBJC_LITERAL_CONVERSION = YES;
				CLANG_WARN_OBJC_ROOT_CLASS = YES_ERROR;
				CLANG_WARN_RANGE_LOOP_ANALYSIS = YES;
				CLANG_WARN_STRICT_PROTOTYPES = YES;
				CLANG_WARN_SUSPICIOUS_MOVE = YES;
				CLANG_WARN_UNGUARDED_AVAILABILITY = YES_AGGRESSIVE;
				CLANG_WARN_UNREACHABLE_CODE = YES;
				CLANG_WARN__DUPLICATE_METHOD_MATCH = YES;
				COPY_PHASE_STRIP = NO;
				DEBUG_INFORMATION_FORMAT = "dwarf-with-dsym";
				ENABLE_NS_ASSERTIONS = NO;
				ENABLE_STRICT_OBJC_MSGSEND = YES;
				GCC_C_LANGUAGE_STANDARD = gnu11;
				GCC_NO_COMMON_BLOCKS = YES;
				GCC_WARN_64_TO_32_BIT_CONVERSION = YES;
				GCC_WARN_ABOUT_RETURN_TYPE = YES_ERROR;
				GCC_WARN_UNDECLARED_SELECTOR = YES;
				GCC_WARN_UNINITIALIZED_AUTOS = YES_AGGRESSIVE;
				GCC_WARN_UNUSED_FUNCTION = YES;
				GCC_WARN_UNUSED_VARIABLE = YES;
				IPHONEOS_DEPLOYMENT_TARGET = 13.2;
				MTL_ENABLE_DEBUG_INFO = NO;
				MTL_FAST_MATH = YES;
				SDKROOT = iphoneos;
				SWIFT_COMPILATION_MODE = wholemodule;
				SWIFT_OPTIMIZATION_LEVEL = "-O";
				VALIDATE_PRODUCT = YES;
			};
			name = Release;
		};
		356E774A23AFCCEE00222A29 /* Debug */ = {
			isa = XCBuildConfiguration;
			baseConfigurationReference = 27C8CE2B8F798107EED58C93 /* Pods-TaskManager.debug.xcconfig */;
			buildSettings = {
				ASSETCATALOG_COMPILER_APPICON_NAME = AppIcon;
				CODE_SIGN_STYLE = Automatic;
				DEVELOPMENT_TEAM = CDMJRT8WJB;
				INFOPLIST_FILE = TaskManager/Info.plist;
				LD_RUNPATH_SEARCH_PATHS = (
					"$(inherited)",
					"@executable_path/Frameworks",
				);
				PRODUCT_BUNDLE_IDENTIFIER = cz.ajty.TaskManager;
				PRODUCT_NAME = "$(TARGET_NAME)";
				SWIFT_VERSION = 5.0;
				TARGETED_DEVICE_FAMILY = "1,2";
			};
			name = Debug;
		};
		356E774B23AFCCEE00222A29 /* Release */ = {
			isa = XCBuildConfiguration;
			baseConfigurationReference = EA7EC99BBC4F4486A2A52285 /* Pods-TaskManager.release.xcconfig */;
			buildSettings = {
				ASSETCATALOG_COMPILER_APPICON_NAME = AppIcon;
				CODE_SIGN_STYLE = Automatic;
				DEVELOPMENT_TEAM = CDMJRT8WJB;
				INFOPLIST_FILE = TaskManager/Info.plist;
				LD_RUNPATH_SEARCH_PATHS = (
					"$(inherited)",
					"@executable_path/Frameworks",
				);
				PRODUCT_BUNDLE_IDENTIFIER = cz.ajty.TaskManager;
				PRODUCT_NAME = "$(TARGET_NAME)";
				SWIFT_VERSION = 5.0;
				TARGETED_DEVICE_FAMILY = "1,2";
			};
			name = Release;
		};
/* End XCBuildConfiguration section */

/* Begin XCConfigurationList section */
		356E772D23AFCCEE00222A29 /* Build configuration list for PBXProject "TaskManager" */ = {
			isa = XCConfigurationList;
			buildConfigurations = (
				356E774723AFCCEE00222A29 /* Debug */,
				356E774823AFCCEE00222A29 /* Release */,
			);
			defaultConfigurationIsVisible = 0;
			defaultConfigurationName = Release;
		};
		356E774923AFCCEE00222A29 /* Build configuration list for PBXNativeTarget "TaskManager" */ = {
			isa = XCConfigurationList;
			buildConfigurations = (
				356E774A23AFCCEE00222A29 /* Debug */,
				356E774B23AFCCEE00222A29 /* Release */,
			);
			defaultConfigurationIsVisible = 0;
			defaultConfigurationName = Release;
		};
/* End XCConfigurationList section */

/* Begin XCVersionGroup section */
		356E773E23AFCCEE00222A29 /* TaskManager.xcdatamodeld */ = {
			isa = XCVersionGroup;
			children = (
				356E773F23AFCCEE00222A29 /* TaskManager.xcdatamodel */,
			);
			currentVersion = 356E773F23AFCCEE00222A29 /* TaskManager.xcdatamodel */;
			path = TaskManager.xcdatamodeld;
			sourceTree = "<group>";
			versionGroupType = wrapper.xcdatamodel;
		};
/* End XCVersionGroup section */
	};
	rootObject = 356E772A23AFCCEE00222A29 /* Project object */;
}
